
Microsoft Visual Studio Solution File, Format Version 12.00
# Visual Studio Version 17
VisualStudioVersion = 17.9.34728.123
MinimumVisualStudioVersion = 10.0.40219.1
Project("{FAE04EC0-301F-11D3-BF4B-00C04F79EFBC}") = "abdul-azure-app", "abdul-azure-app\abdul-azure-app.csproj", "{C485E21A-948D-49A1-8D13-7500690BBE01}"
EndProject
Global
	GlobalSection(SolutionConfigurationPlatforms) = preSolution
		Debug|Any CPU = Debug|Any CPU
		Release|Any CPU = Release|Any CPU
	EndGlobalSection
	GlobalSection(ProjectConfigurationPlatforms) = postSolution
		{C485E21A-948D-49A1-8D13-7500690BBE01}.Debug|Any CPU.ActiveCfg = Debug|Any CPU
		{C485E21A-948D-49A1-8D13-7500690BBE01}.Debug|Any CPU.Build.0 = Debug|Any CPU
		{C485E21A-948D-49A1-8D13-7500690BBE01}.Release|Any CPU.ActiveCfg = Release|Any CPU
		{C485E21A-948D-49A1-8D13-7500690BBE01}.Release|Any CPU.Build.0 = Release|Any CPU
	EndGlobalSection
	GlobalSection(SolutionProperties) = preSolution
		HideSolutionNode = FALSE
	EndGlobalSection
	GlobalSection(ExtensibilityGlobals) = postSolution
		SolutionGuid = {3627457F-52CF-45A2-B111-365308BB4D9B}
	EndGlobalSection
EndGlobal
